// !$*UTF8*$!
{
	archiveVersion = 1;
	classes = {
	};
	objectVersion = 50;
	objects = {

/* Begin PBXBuildFile section */
		6C314E2B223FF62600C3AA46 /* AppDelegate.swift in Sources */ = {isa = PBXBuildFile; fileRef = 6C314E2A223FF62600C3AA46 /* AppDelegate.swift */; };
		6C314E2D223FF62600C3AA46 /* TasksListViewController.swift in Sources */ = {isa = PBXBuildFile; fileRef = 6C314E2C223FF62600C3AA46 /* TasksListViewController.swift */; };
		6C314E30223FF62600C3AA46 /* Main.storyboard in Resources */ = {isa = PBXBuildFile; fileRef = 6C314E2E223FF62600C3AA46 /* Main.storyboard */; };
		6C314E33223FF62600C3AA46 /* Mohsbaa.xcdatamodeld in Sources */ = {isa = PBXBuildFile; fileRef = 6C314E31223FF62600C3AA46 /* Mohsbaa.xcdatamodeld */; };
		6C314E35223FF62700C3AA46 /* Assets.xcassets in Resources */ = {isa = PBXBuildFile; fileRef = 6C314E34223FF62700C3AA46 /* Assets.xcassets */; };
		6C314E38223FF62700C3AA46 /* LaunchScreen.storyboard in Resources */ = {isa = PBXBuildFile; fileRef = 6C314E36223FF62700C3AA46 /* LaunchScreen.storyboard */; };
		6C314E43223FF62700C3AA46 /* MohsbaaTests.swift in Sources */ = {isa = PBXBuildFile; fileRef = 6C314E42223FF62700C3AA46 /* MohsbaaTests.swift */; };
		6C314E52223FF96600C3AA46 /* MainViewController.swift in Sources */ = {isa = PBXBuildFile; fileRef = 6C314E51223FF96600C3AA46 /* MainViewController.swift */; };
		6C314E57223FFA9300C3AA46 /* TasksDataRepository.swift in Sources */ = {isa = PBXBuildFile; fileRef = 6C314E56223FFA9300C3AA46 /* TasksDataRepository.swift */; };
		6C314E5A223FFB1C00C3AA46 /* Task.swift in Sources */ = {isa = PBXBuildFile; fileRef = 6C314E59223FFB1C00C3AA46 /* Task.swift */; };
		6C314E5D223FFC2400C3AA46 /* TaskTableViewCell.swift in Sources */ = {isa = PBXBuildFile; fileRef = 6C314E5B223FFC2400C3AA46 /* TaskTableViewCell.swift */; };
		6C314E5E223FFC2400C3AA46 /* TaskTableViewCell.xib in Resources */ = {isa = PBXBuildFile; fileRef = 6C314E5C223FFC2400C3AA46 /* TaskTableViewCell.xib */; };
		6C314E65224003D300C3AA46 /* NewTaskRouter.swift in Sources */ = {isa = PBXBuildFile; fileRef = 6C314E64224003D300C3AA46 /* NewTaskRouter.swift */; };
		6C314E67224004BD00C3AA46 /* NewTaskViewController.swift in Sources */ = {isa = PBXBuildFile; fileRef = 6C314E66224004BD00C3AA46 /* NewTaskViewController.swift */; };
		6C314E9B22411DDC00C3AA46 /* .sourcery.yml in Resources */ = {isa = PBXBuildFile; fileRef = 6C314E9A22411DDC00C3AA46 /* .sourcery.yml */; };
		6C314E9D22411EA900C3AA46 /* JSONRepresentable.stencil in Resources */ = {isa = PBXBuildFile; fileRef = 6C314E9C22411EA900C3AA46 /* JSONRepresentable.stencil */; };
		6C314E9F22411EE500C3AA46 /* JSONAutoRepresentable.swift in Sources */ = {isa = PBXBuildFile; fileRef = 6C314E9E22411EE500C3AA46 /* JSONAutoRepresentable.swift */; };
		6C51E5482245733000F657DA /* SubTaskTextField.swift in Sources */ = {isa = PBXBuildFile; fileRef = 6C51E5472245733000F657DA /* SubTaskTextField.swift */; };
		6C51E54A224575F300F657DA /* NewTaskPresenter.swift in Sources */ = {isa = PBXBuildFile; fileRef = 6C51E549224575F300F657DA /* NewTaskPresenter.swift */; };
		6C51E54C2245762400F657DA /* NewTaskInteractor.swift in Sources */ = {isa = PBXBuildFile; fileRef = 6C51E54B2245762400F657DA /* NewTaskInteractor.swift */; };
		6C51E5502245767E00F657DA /* TaskAndSubTaskGrouping.swift in Sources */ = {isa = PBXBuildFile; fileRef = 6C51E54F2245767E00F657DA /* TaskAndSubTaskGrouping.swift */; };
		6C51E553224582B000F657DA /* RemoteDataProxy.swift in Sources */ = {isa = PBXBuildFile; fileRef = 6C51E552224582B000F657DA /* RemoteDataProxy.swift */; };
		6C51E55522458C5A00F657DA /* Reachability.swift in Sources */ = {isa = PBXBuildFile; fileRef = 6C51E55422458C5A00F657DA /* Reachability.swift */; };
		7FE5BBE68A2708EE7EAACDBB /* Pods_MohsbaaTests.framework in Frameworks */ = {isa = PBXBuildFile; fileRef = CC588EDB01E490E9055756DD /* Pods_MohsbaaTests.framework */; };
		80420A6C579CCC163C6BF40D /* Pods_Mohsbaa.framework in Frameworks */ = {isa = PBXBuildFile; fileRef = 2925784D7ACFF9CD130401F3 /* Pods_Mohsbaa.framework */; };
/* End PBXBuildFile section */

/* Begin PBXContainerItemProxy section */
		6C314E3F223FF62700C3AA46 /* PBXContainerItemProxy */ = {
			isa = PBXContainerItemProxy;
			containerPortal = 6C314E1F223FF62600C3AA46 /* Project object */;
			proxyType = 1;
			remoteGlobalIDString = 6C314E26223FF62600C3AA46;
			remoteInfo = Mohsbaa;
		};
/* End PBXContainerItemProxy section */

/* Begin PBXFileReference section */
		2925784D7ACFF9CD130401F3 /* Pods_Mohsbaa.framework */ = {isa = PBXFileReference; explicitFileType = wrapper.framework; includeInIndex = 0; path = Pods_Mohsbaa.framework; sourceTree = BUILT_PRODUCTS_DIR; };
		69A16D160449539E34D2DDF0 /* Pods-MohsbaaTests.debug.xcconfig */ = {isa = PBXFileReference; includeInIndex = 1; lastKnownFileType = text.xcconfig; name = "Pods-MohsbaaTests.debug.xcconfig"; path = "Target Support Files/Pods-MohsbaaTests/Pods-MohsbaaTests.debug.xcconfig"; sourceTree = "<group>"; };
		6C314E27223FF62600C3AA46 /* Mohsbaa.app */ = {isa = PBXFileReference; explicitFileType = wrapper.application; includeInIndex = 0; path = Mohsbaa.app; sourceTree = BUILT_PRODUCTS_DIR; };
		6C314E2A223FF62600C3AA46 /* AppDelegate.swift */ = {isa = PBXFileReference; lastKnownFileType = sourcecode.swift; path = AppDelegate.swift; sourceTree = "<group>"; };
		6C314E2C223FF62600C3AA46 /* TasksListViewController.swift */ = {isa = PBXFileReference; lastKnownFileType = sourcecode.swift; path = TasksListViewController.swift; sourceTree = "<group>"; };
		6C314E2F223FF62600C3AA46 /* Base */ = {isa = PBXFileReference; lastKnownFileType = file.storyboard; name = Base; path = Base.lproj/Main.storyboard; sourceTree = "<group>"; };
		6C314E32223FF62600C3AA46 /* Mohsbaa.xcdatamodel */ = {isa = PBXFileReference; lastKnownFileType = wrapper.xcdatamodel; path = Mohsbaa.xcdatamodel; sourceTree = "<group>"; };
		6C314E34223FF62700C3AA46 /* Assets.xcassets */ = {isa = PBXFileReference; lastKnownFileType = folder.assetcatalog; path = Assets.xcassets; sourceTree = "<group>"; };
		6C314E37223FF62700C3AA46 /* Base */ = {isa = PBXFileReference; lastKnownFileType = file.storyboard; name = Base; path = Base.lproj/LaunchScreen.storyboard; sourceTree = "<group>"; };
		6C314E39223FF62700C3AA46 /* Info.plist */ = {isa = PBXFileReference; lastKnownFileType = text.plist.xml; path = Info.plist; sourceTree = "<group>"; };
		6C314E3E223FF62700C3AA46 /* MohsbaaTests.xctest */ = {isa = PBXFileReference; explicitFileType = wrapper.cfbundle; includeInIndex = 0; path = MohsbaaTests.xctest; sourceTree = BUILT_PRODUCTS_DIR; };
		6C314E42223FF62700C3AA46 /* MohsbaaTests.swift */ = {isa = PBXFileReference; lastKnownFileType = sourcecode.swift; path = MohsbaaTests.swift; sourceTree = "<group>"; };
		6C314E44223FF62700C3AA46 /* Info.plist */ = {isa = PBXFileReference; lastKnownFileType = text.plist.xml; path = Info.plist; sourceTree = "<group>"; };
		6C314E51223FF96600C3AA46 /* MainViewController.swift */ = {isa = PBXFileReference; lastKnownFileType = sourcecode.swift; path = MainViewController.swift; sourceTree = "<group>"; };
		6C314E56223FFA9300C3AA46 /* TasksDataRepository.swift */ = {isa = PBXFileReference; lastKnownFileType = sourcecode.swift; path = TasksDataRepository.swift; sourceTree = "<group>"; };
		6C314E59223FFB1C00C3AA46 /* Task.swift */ = {isa = PBXFileReference; lastKnownFileType = sourcecode.swift; path = Task.swift; sourceTree = "<group>"; };
		6C314E5B223FFC2400C3AA46 /* TaskTableViewCell.swift */ = {isa = PBXFileReference; lastKnownFileType = sourcecode.swift; path = TaskTableViewCell.swift; sourceTree = "<group>"; };
		6C314E5C223FFC2400C3AA46 /* TaskTableViewCell.xib */ = {isa = PBXFileReference; lastKnownFileType = file.xib; path = TaskTableViewCell.xib; sourceTree = "<group>"; };
		6C314E64224003D300C3AA46 /* NewTaskRouter.swift */ = {isa = PBXFileReference; lastKnownFileType = sourcecode.swift; path = NewTaskRouter.swift; sourceTree = "<group>"; };
		6C314E66224004BD00C3AA46 /* NewTaskViewController.swift */ = {isa = PBXFileReference; lastKnownFileType = sourcecode.swift; path = NewTaskViewController.swift; sourceTree = "<group>"; };
		6C314E9A22411DDC00C3AA46 /* .sourcery.yml */ = {isa = PBXFileReference; lastKnownFileType = text; path = .sourcery.yml; sourceTree = "<group>"; };
		6C314E9C22411EA900C3AA46 /* JSONRepresentable.stencil */ = {isa = PBXFileReference; lastKnownFileType = text; path = JSONRepresentable.stencil; sourceTree = "<group>"; };
		6C314E9E22411EE500C3AA46 /* JSONAutoRepresentable.swift */ = {isa = PBXFileReference; lastKnownFileType = sourcecode.swift; path = JSONAutoRepresentable.swift; sourceTree = "<group>"; };
		6C51E5472245733000F657DA /* SubTaskTextField.swift */ = {isa = PBXFileReference; lastKnownFileType = sourcecode.swift; path = SubTaskTextField.swift; sourceTree = "<group>"; };
		6C51E549224575F300F657DA /* NewTaskPresenter.swift */ = {isa = PBXFileReference; lastKnownFileType = sourcecode.swift; path = NewTaskPresenter.swift; sourceTree = "<group>"; };
		6C51E54B2245762400F657DA /* NewTaskInteractor.swift */ = {isa = PBXFileReference; lastKnownFileType = sourcecode.swift; path = NewTaskInteractor.swift; sourceTree = "<group>"; };
		6C51E54F2245767E00F657DA /* TaskAndSubTaskGrouping.swift */ = {isa = PBXFileReference; lastKnownFileType = sourcecode.swift; path = TaskAndSubTaskGrouping.swift; sourceTree = "<group>"; };
		6C51E552224582B000F657DA /* RemoteDataProxy.swift */ = {isa = PBXFileReference; lastKnownFileType = sourcecode.swift; path = RemoteDataProxy.swift; sourceTree = "<group>"; };
		6C51E55422458C5A00F657DA /* Reachability.swift */ = {isa = PBXFileReference; lastKnownFileType = sourcecode.swift; path = Reachability.swift; sourceTree = "<group>"; };
		7AD59D602FD8E7CC01AE36C8 /* Pods-Mohsbaa.debug.xcconfig */ = {isa = PBXFileReference; includeInIndex = 1; lastKnownFileType = text.xcconfig; name = "Pods-Mohsbaa.debug.xcconfig"; path = "Target Support Files/Pods-Mohsbaa/Pods-Mohsbaa.debug.xcconfig"; sourceTree = "<group>"; };
		9ECD7A1C8BE2E53704179407 /* Pods-Mohsbaa.release.xcconfig */ = {isa = PBXFileReference; includeInIndex = 1; lastKnownFileType = text.xcconfig; name = "Pods-Mohsbaa.release.xcconfig"; path = "Target Support Files/Pods-Mohsbaa/Pods-Mohsbaa.release.xcconfig"; sourceTree = "<group>"; };
		CC588EDB01E490E9055756DD /* Pods_MohsbaaTests.framework */ = {isa = PBXFileReference; explicitFileType = wrapper.framework; includeInIndex = 0; path = Pods_MohsbaaTests.framework; sourceTree = BUILT_PRODUCTS_DIR; };
		DDE6ABFDCEABE49562F75314 /* Pods-MohsbaaTests.release.xcconfig */ = {isa = PBXFileReference; includeInIndex = 1; lastKnownFileType = text.xcconfig; name = "Pods-MohsbaaTests.release.xcconfig"; path = "Target Support Files/Pods-MohsbaaTests/Pods-MohsbaaTests.release.xcconfig"; sourceTree = "<group>"; };
/* End PBXFileReference section */

/* Begin PBXFrameworksBuildPhase section */
		6C314E24223FF62600C3AA46 /* Frameworks */ = {
			isa = PBXFrameworksBuildPhase;
			buildActionMask = 2147483647;
			files = (
				80420A6C579CCC163C6BF40D /* Pods_Mohsbaa.framework in Frameworks */,
			);
			runOnlyForDeploymentPostprocessing = 0;
		};
		6C314E3B223FF62700C3AA46 /* Frameworks */ = {
			isa = PBXFrameworksBuildPhase;
			buildActionMask = 2147483647;
			files = (
				7FE5BBE68A2708EE7EAACDBB /* Pods_MohsbaaTests.framework in Frameworks */,
			);
			runOnlyForDeploymentPostprocessing = 0;
		};
/* End PBXFrameworksBuildPhase section */

/* Begin PBXGroup section */
		6C314E1E223FF62600C3AA46 = {
			isa = PBXGroup;
			children = (
				6C314E29223FF62600C3AA46 /* Mohsbaa */,
				6C314E41223FF62700C3AA46 /* MohsbaaTests */,
				6C314E28223FF62600C3AA46 /* Products */,
				D6D609E4BD429F80FABD8C56 /* Pods */,
				FB2A1E329565B10A015299B9 /* Frameworks */,
			);
			sourceTree = "<group>";
		};
		6C314E28223FF62600C3AA46 /* Products */ = {
			isa = PBXGroup;
			children = (
				6C314E27223FF62600C3AA46 /* Mohsbaa.app */,
				6C314E3E223FF62700C3AA46 /* MohsbaaTests.xctest */,
			);
			name = Products;
			sourceTree = "<group>";
		};
		6C314E29223FF62600C3AA46 /* Mohsbaa */ = {
			isa = PBXGroup;
			children = (
				6C51E5512245826A00F657DA /* networkLayer */,
				6C314E9922411DB400C3AA46 /* Sourcery Templates */,
				6C314E50223FF7AE00C3AA46 /* Set Dial Judge Progress */,
				6C314E4F223FF79500C3AA46 /* View Dialy Judges */,
				6C314E4D223FF75200C3AA46 /* Add New Dialy Judge */,
				6C314E2A223FF62600C3AA46 /* AppDelegate.swift */,
				6C314E2E223FF62600C3AA46 /* Main.storyboard */,
				6C314E34223FF62700C3AA46 /* Assets.xcassets */,
				6C314E36223FF62700C3AA46 /* LaunchScreen.storyboard */,
				6C314E39223FF62700C3AA46 /* Info.plist */,
				6C314E31223FF62600C3AA46 /* Mohsbaa.xcdatamodeld */,
			);
			path = Mohsbaa;
			sourceTree = "<group>";
		};
		6C314E41223FF62700C3AA46 /* MohsbaaTests */ = {
			isa = PBXGroup;
			children = (
				6C314E42223FF62700C3AA46 /* MohsbaaTests.swift */,
				6C314E44223FF62700C3AA46 /* Info.plist */,
			);
			path = MohsbaaTests;
			sourceTree = "<group>";
		};
		6C314E4D223FF75200C3AA46 /* Add New Dialy Judge */ = {
			isa = PBXGroup;
			children = (
				6C314E63224003C000C3AA46 /* interactor */,
				6C314E62224003B000C3AA46 /* presenter */,
				6C314E61224003AC00C3AA46 /* view */,
				6C314E60224003A500C3AA46 /* Model */,
				6C314E5F2240039E00C3AA46 /* Router */,
			);
			path = "Add New Dialy Judge";
			sourceTree = "<group>";
		};
		6C314E4F223FF79500C3AA46 /* View Dialy Judges */ = {
			isa = PBXGroup;
			children = (
				6C314E55223FF97900C3AA46 /* model */,
				6C314E54223FF97500C3AA46 /* view-model */,
				6C314E53223FF96A00C3AA46 /* view */,
			);
			path = "View Dialy Judges";
			sourceTree = "<group>";
		};
		6C314E50223FF7AE00C3AA46 /* Set Dial Judge Progress */ = {
			isa = PBXGroup;
			children = (
			);
			path = "Set Dial Judge Progress";
			sourceTree = "<group>";
		};
		6C314E53223FF96A00C3AA46 /* view */ = {
			isa = PBXGroup;
			children = (
				6C314E2C223FF62600C3AA46 /* TasksListViewController.swift */,
				6C314E51223FF96600C3AA46 /* MainViewController.swift */,
				6C314E5B223FFC2400C3AA46 /* TaskTableViewCell.swift */,
				6C314E5C223FFC2400C3AA46 /* TaskTableViewCell.xib */,
			);
			path = view;
			sourceTree = "<group>";
		};
		6C314E54223FF97500C3AA46 /* view-model */ = {
			isa = PBXGroup;
			children = (
			);
			path = "view-model";
			sourceTree = "<group>";
		};
		6C314E55223FF97900C3AA46 /* model */ = {
			isa = PBXGroup;
			children = (
				6C314E56223FFA9300C3AA46 /* TasksDataRepository.swift */,
				6C314E59223FFB1C00C3AA46 /* Task.swift */,
			);
			path = model;
			sourceTree = "<group>";
		};
		6C314E5F2240039E00C3AA46 /* Router */ = {
			isa = PBXGroup;
			children = (
				6C314E64224003D300C3AA46 /* NewTaskRouter.swift */,
			);
			path = Router;
			sourceTree = "<group>";
		};
		6C314E60224003A500C3AA46 /* Model */ = {
			isa = PBXGroup;
			children = (
				6C51E54F2245767E00F657DA /* TaskAndSubTaskGrouping.swift */,
			);
			path = Model;
			sourceTree = "<group>";
		};
		6C314E61224003AC00C3AA46 /* view */ = {
			isa = PBXGroup;
			children = (
				6C314E66224004BD00C3AA46 /* NewTaskViewController.swift */,
				6C51E5472245733000F657DA /* SubTaskTextField.swift */,
			);
			path = view;
			sourceTree = "<group>";
		};
		6C314E62224003B000C3AA46 /* presenter */ = {
			isa = PBXGroup;
			children = (
				6C51E549224575F300F657DA /* NewTaskPresenter.swift */,
			);
			path = presenter;
			sourceTree = "<group>";
		};
		6C314E63224003C000C3AA46 /* interactor */ = {
			isa = PBXGroup;
			children = (
				6C51E54B2245762400F657DA /* NewTaskInteractor.swift */,
			);
			path = interactor;
			sourceTree = "<group>";
		};
		6C314E9922411DB400C3AA46 /* Sourcery Templates */ = {
			isa = PBXGroup;
			children = (
				6C314E9A22411DDC00C3AA46 /* .sourcery.yml */,
				6C314E9C22411EA900C3AA46 /* JSONRepresentable.stencil */,
				6C314E9E22411EE500C3AA46 /* JSONAutoRepresentable.swift */,
			);
			path = "Sourcery Templates";
			sourceTree = "<group>";
		};
		6C51E5512245826A00F657DA /* networkLayer */ = {
			isa = PBXGroup;
			children = (
				6C51E552224582B000F657DA /* RemoteDataProxy.swift */,
				6C51E55422458C5A00F657DA /* Reachability.swift */,
			);
			path = networkLayer;
			sourceTree = "<group>";
		};
		D6D609E4BD429F80FABD8C56 /* Pods */ = {
			isa = PBXGroup;
			children = (
				7AD59D602FD8E7CC01AE36C8 /* Pods-Mohsbaa.debug.xcconfig */,
				9ECD7A1C8BE2E53704179407 /* Pods-Mohsbaa.release.xcconfig */,
				69A16D160449539E34D2DDF0 /* Pods-MohsbaaTests.debug.xcconfig */,
				DDE6ABFDCEABE49562F75314 /* Pods-MohsbaaTests.release.xcconfig */,
			);
			path = Pods;
			sourceTree = "<group>";
		};
		FB2A1E329565B10A015299B9 /* Frameworks */ = {
			isa = PBXGroup;
			children = (
				2925784D7ACFF9CD130401F3 /* Pods_Mohsbaa.framework */,
				CC588EDB01E490E9055756DD /* Pods_MohsbaaTests.framework */,
			);
			name = Frameworks;
			sourceTree = "<group>";
		};
/* End PBXGroup section */

/* Begin PBXNativeTarget section */
		6C314E26223FF62600C3AA46 /* Mohsbaa */ = {
			isa = PBXNativeTarget;
			buildConfigurationList = 6C314E47223FF62700C3AA46 /* Build configuration list for PBXNativeTarget "Mohsbaa" */;
			buildPhases = (
				EBFBCE4E12B5E750A1238436 /* [CP] Check Pods Manifest.lock */,
				6C314E23223FF62600C3AA46 /* Sources */,
				6C314E24223FF62600C3AA46 /* Frameworks */,
				6C314E25223FF62600C3AA46 /* Resources */,
				14A25587A7F25F818C2047AB /* [CP] Embed Pods Frameworks */,
			);
			buildRules = (
			);
			dependencies = (
			);
			name = Mohsbaa;
			productName = Mohsbaa;
			productReference = 6C314E27223FF62600C3AA46 /* Mohsbaa.app */;
			productType = "com.apple.product-type.application";
		};
		6C314E3D223FF62700C3AA46 /* MohsbaaTests */ = {
			isa = PBXNativeTarget;
			buildConfigurationList = 6C314E4A223FF62700C3AA46 /* Build configuration list for PBXNativeTarget "MohsbaaTests" */;
			buildPhases = (
				21079B48F15150BBBFDA04F6 /* [CP] Check Pods Manifest.lock */,
				6C314E3A223FF62700C3AA46 /* Sources */,
				6C314E3B223FF62700C3AA46 /* Frameworks */,
				6C314E3C223FF62700C3AA46 /* Resources */,
			);
			buildRules = (
			);
			dependencies = (
				6C314E40223FF62700C3AA46 /* PBXTargetDependency */,
			);
			name = MohsbaaTests;
			productName = MohsbaaTests;
			productReference = 6C314E3E223FF62700C3AA46 /* MohsbaaTests.xctest */;
			productType = "com.apple.product-type.bundle.unit-test";
		};
/* End PBXNativeTarget section */

/* Begin PBXProject section */
		6C314E1F223FF62600C3AA46 /* Project object */ = {
			isa = PBXProject;
			attributes = {
				LastSwiftUpdateCheck = 1010;
				LastUpgradeCheck = 1010;
				ORGANIZATIONNAME = abuzeid;
				TargetAttributes = {
					6C314E26223FF62600C3AA46 = {
						CreatedOnToolsVersion = 10.1;
					};
					6C314E3D223FF62700C3AA46 = {
						CreatedOnToolsVersion = 10.1;
						TestTargetID = 6C314E26223FF62600C3AA46;
					};
				};
			};
			buildConfigurationList = 6C314E22223FF62600C3AA46 /* Build configuration list for PBXProject "Mohsbaa" */;
			compatibilityVersion = "Xcode 9.3";
			developmentRegion = en;
			hasScannedForEncodings = 0;
			knownRegions = (
				en,
				Base,
			);
			mainGroup = 6C314E1E223FF62600C3AA46;
			productRefGroup = 6C314E28223FF62600C3AA46 /* Products */;
			projectDirPath = "";
			projectRoot = "";
			targets = (
				6C314E26223FF62600C3AA46 /* Mohsbaa */,
				6C314E3D223FF62700C3AA46 /* MohsbaaTests */,
			);
		};
/* End PBXProject section */

/* Begin PBXResourcesBuildPhase section */
		6C314E25223FF62600C3AA46 /* Resources */ = {
			isa = PBXResourcesBuildPhase;
			buildActionMask = 2147483647;
			files = (
				6C314E5E223FFC2400C3AA46 /* TaskTableViewCell.xib in Resources */,
				6C314E38223FF62700C3AA46 /* LaunchScreen.storyboard in Resources */,
				6C314E35223FF62700C3AA46 /* Assets.xcassets in Resources */,
				6C314E9D22411EA900C3AA46 /* JSONRepresentable.stencil in Resources */,
				6C314E30223FF62600C3AA46 /* Main.storyboard in Resources */,
				6C314E9B22411DDC00C3AA46 /* .sourcery.yml in Resources */,
			);
			runOnlyForDeploymentPostprocessing = 0;
		};
		6C314E3C223FF62700C3AA46 /* Resources */ = {
			isa = PBXResourcesBuildPhase;
			buildActionMask = 2147483647;
			files = (
			);
			runOnlyForDeploymentPostprocessing = 0;
		};
/* End PBXResourcesBuildPhase section */

/* Begin PBXShellScriptBuildPhase section */
		14A25587A7F25F818C2047AB /* [CP] Embed Pods Frameworks */ = {
			isa = PBXShellScriptBuildPhase;
			buildActionMask = 2147483647;
			files = (
			);
			inputFileListPaths = (
			);
			inputPaths = (
				"${PODS_ROOT}/Target Support Files/Pods-Mohsbaa/Pods-Mohsbaa-frameworks.sh",
				"${BUILT_PRODUCTS_DIR}/RxAtomic/RxAtomic.framework",
				"${BUILT_PRODUCTS_DIR}/RxCocoa/RxCocoa.framework",
				"${BUILT_PRODUCTS_DIR}/RxSwift/RxSwift.framework",
			);
			name = "[CP] Embed Pods Frameworks";
			outputFileListPaths = (
			);
			outputPaths = (
				"${TARGET_BUILD_DIR}/${FRAMEWORKS_FOLDER_PATH}/RxAtomic.framework",
				"${TARGET_BUILD_DIR}/${FRAMEWORKS_FOLDER_PATH}/RxCocoa.framework",
				"${TARGET_BUILD_DIR}/${FRAMEWORKS_FOLDER_PATH}/RxSwift.framework",
			);
			runOnlyForDeploymentPostprocessing = 0;
			shellPath = /bin/sh;
			shellScript = "\"${PODS_ROOT}/Target Support Files/Pods-Mohsbaa/Pods-Mohsbaa-frameworks.sh\"\n";
			showEnvVarsInLog = 0;
		};
		21079B48F15150BBBFDA04F6 /* [CP] Check Pods Manifest.lock */ = {
			isa = PBXShellScriptBuildPhase;
			buildActionMask = 2147483647;
			files = (
			);
			inputFileListPaths = (
			);
			inputPaths = (
				"${PODS_PODFILE_DIR_PATH}/Podfile.lock",
				"${PODS_ROOT}/Manifest.lock",
			);
			name = "[CP] Check Pods Manifest.lock";
			outputFileListPaths = (
			);
			outputPaths = (
				"$(DERIVED_FILE_DIR)/Pods-MohsbaaTests-checkManifestLockResult.txt",
			);
			runOnlyForDeploymentPostprocessing = 0;
			shellPath = /bin/sh;
			shellScript = "diff \"${PODS_PODFILE_DIR_PATH}/Podfile.lock\" \"${PODS_ROOT}/Manifest.lock\" > /dev/null\nif [ $? != 0 ] ; then\n    # print error to STDERR\n    echo \"error: The sandbox is not in sync with the Podfile.lock. Run 'pod install' or update your CocoaPods installation.\" >&2\n    exit 1\nfi\n# This output is used by Xcode 'outputs' to avoid re-running this script phase.\necho \"SUCCESS\" > \"${SCRIPT_OUTPUT_FILE_0}\"\n";
			showEnvVarsInLog = 0;
		};
		EBFBCE4E12B5E750A1238436 /* [CP] Check Pods Manifest.lock */ = {
			isa = PBXShellScriptBuildPhase;
			buildActionMask = 2147483647;
			files = (
			);
			inputFileListPaths = (
			);
			inputPaths = (
				"${PODS_PODFILE_DIR_PATH}/Podfile.lock",
				"${PODS_ROOT}/Manifest.lock",
			);
			name = "[CP] Check Pods Manifest.lock";
			outputFileListPaths = (
			);
			outputPaths = (
				"$(DERIVED_FILE_DIR)/Pods-Mohsbaa-checkManifestLockResult.txt",
			);
			runOnlyForDeploymentPostprocessing = 0;
			shellPath = /bin/sh;
			shellScript = "diff \"${PODS_PODFILE_DIR_PATH}/Podfile.lock\" \"${PODS_ROOT}/Manifest.lock\" > /dev/null\nif [ $? != 0 ] ; then\n    # print error to STDERR\n    echo \"error: The sandbox is not in sync with the Podfile.lock. Run 'pod install' or update your CocoaPods installation.\" >&2\n    exit 1\nfi\n# This output is used by Xcode 'outputs' to avoid re-running this script phase.\necho \"SUCCESS\" > \"${SCRIPT_OUTPUT_FILE_0}\"\n";
			showEnvVarsInLog = 0;
		};
/* End PBXShellScriptBuildPhase section */

/* Begin PBXSourcesBuildPhase section */
		6C314E23223FF62600C3AA46 /* Sources */ = {
			isa = PBXSourcesBuildPhase;
			buildActionMask = 2147483647;
			files = (
				6C314E5D223FFC2400C3AA46 /* TaskTableViewCell.swift in Sources */,
				6C314E2D223FF62600C3AA46 /* TasksListViewController.swift in Sources */,
				6C314E57223FFA9300C3AA46 /* TasksDataRepository.swift in Sources */,
				6C51E5482245733000F657DA /* SubTaskTextField.swift in Sources */,
				6C314E9F22411EE500C3AA46 /* JSONAutoRepresentable.swift in Sources */,
				6C51E54C2245762400F657DA /* NewTaskInteractor.swift in Sources */,
				6C314E33223FF62600C3AA46 /* Mohsbaa.xcdatamodeld in Sources */,
				6C314E67224004BD00C3AA46 /* NewTaskViewController.swift in Sources */,
				6C314E65224003D300C3AA46 /* NewTaskRouter.swift in Sources */,
				6C51E5502245767E00F657DA /* TaskAndSubTaskGrouping.swift in Sources */,
				6C314E2B223FF62600C3AA46 /* AppDelegate.swift in Sources */,
				6C51E553224582B000F657DA /* RemoteDataProxy.swift in Sources */,
				6C314E5A223FFB1C00C3AA46 /* Task.swift in Sources */,
				6C51E54A224575F300F657DA /* NewTaskPresenter.swift in Sources */,
				6C51E55522458C5A00F657DA /* Reachability.swift in Sources */,
				6C314E52223FF96600C3AA46 /* MainViewController.swift in Sources */,
			);
			runOnlyForDeploymentPostprocessing = 0;
		};
		6C314E3A223FF62700C3AA46 /* Sources */ = {
			isa = PBXSourcesBuildPhase;
			buildActionMask = 2147483647;
			files = (
				6C314E43223FF62700C3AA46 /* MohsbaaTests.swift in Sources */,
			);
			runOnlyForDeploymentPostprocessing = 0;
		};
/* End PBXSourcesBuildPhase section */

/* Begin PBXTargetDependency section */
		6C314E40223FF62700C3AA46 /* PBXTargetDependency */ = {
			isa = PBXTargetDependency;
			target = 6C314E26223FF62600C3AA46 /* Mohsbaa */;
			targetProxy = 6C314E3F223FF62700C3AA46 /* PBXContainerItemProxy */;
		};
/* End PBXTargetDependency section */

/* Begin PBXVariantGroup section */
		6C314E2E223FF62600C3AA46 /* Main.storyboard */ = {
			isa = PBXVariantGroup;
			children = (
				6C314E2F223FF62600C3AA46 /* Base */,
			);
			name = Main.storyboard;
			sourceTree = "<group>";
		};
		6C314E36223FF62700C3AA46 /* LaunchScreen.storyboard */ = {
			isa = PBXVariantGroup;
			children = (
				6C314E37223FF62700C3AA46 /* Base */,
			);
			name = LaunchScreen.storyboard;
			sourceTree = "<group>";
		};
/* End PBXVariantGroup section */

/* Begin XCBuildConfiguration section */
		6C314E45223FF62700C3AA46 /* Debug */ = {
			isa = XCBuildConfiguration;
			buildSettings = {
				ALWAYS_SEARCH_USER_PATHS = NO;
				CLANG_ANALYZER_NONNULL = YES;
				CLANG_ANALYZER_NUMBER_OBJECT_CONVERSION = YES_AGGRESSIVE;
				CLANG_CXX_LANGUAGE_STANDARD = "gnu++14";
				CLANG_CXX_LIBRARY = "libc++";
				CLANG_ENABLE_MODULES = YES;
				CLANG_ENABLE_OBJC_ARC = YES;
				CLANG_ENABLE_OBJC_WEAK = YES;
				CLANG_WARN_BLOCK_CAPTURE_AUTORELEASING = YES;
				CLANG_WARN_BOOL_CONVERSION = YES;
				CLANG_WARN_COMMA = YES;
				CLANG_WARN_CONSTANT_CONVERSION = YES;
				CLANG_WARN_DEPRECATED_OBJC_IMPLEMENTATIONS = YES;
				CLANG_WARN_DIRECT_OBJC_ISA_USAGE = YES_ERROR;
				CLANG_WARN_DOCUMENTATION_COMMENTS = YES;
				CLANG_WARN_EMPTY_BODY = YES;
				CLANG_WARN_ENUM_CONVERSION = YES;
				CLANG_WARN_INFINITE_RECURSION = YES;
				CLANG_WARN_INT_CONVERSION = YES;
				CLANG_WARN_NON_LITERAL_NULL_CONVERSION = YES;
				CLANG_WARN_OBJC_IMPLICIT_RETAIN_SELF = YES;
				CLANG_WARN_OBJC_LITERAL_CONVERSION = YES;
				CLANG_WARN_OBJC_ROOT_CLASS = YES_ERROR;
				CLANG_WARN_RANGE_LOOP_ANALYSIS = YES;
				CLANG_WARN_STRICT_PROTOTYPES = YES;
				CLANG_WARN_SUSPICIOUS_MOVE = YES;
				CLANG_WARN_UNGUARDED_AVAILABILITY = YES_AGGRESSIVE;
				CLANG_WARN_UNREACHABLE_CODE = YES;
				CLANG_WARN__DUPLICATE_METHOD_MATCH = YES;
				CODE_SIGN_IDENTITY = "iPhone Developer";
				COPY_PHASE_STRIP = NO;
				DEBUG_INFORMATION_FORMAT = dwarf;
				ENABLE_STRICT_OBJC_MSGSEND = YES;
				ENABLE_TESTABILITY = YES;
				GCC_C_LANGUAGE_STANDARD = gnu11;
				GCC_DYNAMIC_NO_PIC = NO;
				GCC_NO_COMMON_BLOCKS = YES;
				GCC_OPTIMIZATION_LEVEL = 0;
				GCC_PREPROCESSOR_DEFINITIONS = (
					"DEBUG=1",
					"$(inherited)",
				);
				GCC_WARN_64_TO_32_BIT_CONVERSION = YES;
				GCC_WARN_ABOUT_RETURN_TYPE = YES_ERROR;
				GCC_WARN_UNDECLARED_SELECTOR = YES;
				GCC_WARN_UNINITIALIZED_AUTOS = YES_AGGRESSIVE;
				GCC_WARN_UNUSED_FUNCTION = YES;
				GCC_WARN_UNUSED_VARIABLE = YES;
				IPHONEOS_DEPLOYMENT_TARGET = 12.1;
				MTL_ENABLE_DEBUG_INFO = INCLUDE_SOURCE;
				MTL_FAST_MATH = YES;
				ONLY_ACTIVE_ARCH = YES;
				SDKROOT = iphoneos;
				SWIFT_ACTIVE_COMPILATION_CONDITIONS = DEBUG;
				SWIFT_OPTIMIZATION_LEVEL = "-Onone";
			};
			name = Debug;
		};
		6C314E46223FF62700C3AA46 /* Release */ = {
			isa = XCBuildConfiguration;
			buildSettings = {
				ALWAYS_SEARCH_USER_PATHS = NO;
				CLANG_ANALYZER_NONNULL = YES;
				CLANG_ANALYZER_NUMBER_OBJECT_CONVERSION = YES_AGGRESSIVE;
				CLANG_CXX_LANGUAGE_STANDARD = "gnu++14";
				CLANG_CXX_LIBRARY = "libc++";
				CLANG_ENABLE_MODULES = YES;
				CLANG_ENABLE_OBJC_ARC = YES;
				CLANG_ENABLE_OBJC_WEAK = YES;
				CLANG_WARN_BLOCK_CAPTURE_AUTORELEASING = YES;
				CLANG_WARN_BOOL_CONVERSION = YES;
				CLANG_WARN_COMMA = YES;
				CLANG_WARN_CONSTANT_CONVERSION = YES;
				CLANG_WARN_DEPRECATED_OBJC_IMPLEMENTATIONS = YES;
				CLANG_WARN_DIRECT_OBJC_ISA_USAGE = YES_ERROR;
				CLANG_WARN_DOCUMENTATION_COMMENTS = YES;
				CLANG_WARN_EMPTY_BODY = YES;
				CLANG_WARN_ENUM_CONVERSION = YES;
				CLANG_WARN_INFINITE_RECURSION = YES;
				CLANG_WARN_INT_CONVERSION = YES;
				CLANG_WARN_NON_LITERAL_NULL_CONVERSION = YES;
				CLANG_WARN_OBJC_IMPLICIT_RETAIN_SELF = YES;
				CLANG_WARN_OBJC_LITERAL_CONVERSION = YES;
				CLANG_WARN_OBJC_ROOT_CLASS = YES_ERROR;
				CLANG_WARN_RANGE_LOOP_ANALYSIS = YES;
				CLANG_WARN_STRICT_PROTOTYPES = YES;
				CLANG_WARN_SUSPICIOUS_MOVE = YES;
				CLANG_WARN_UNGUARDED_AVAILABILITY = YES_AGGRESSIVE;
				CLANG_WARN_UNREACHABLE_CODE = YES;
				CLANG_WARN__DUPLICATE_METHOD_MATCH = YES;
				CODE_SIGN_IDENTITY = "iPhone Developer";
				COPY_PHASE_STRIP = NO;
				DEBUG_INFORMATION_FORMAT = "dwarf-with-dsym";
				ENABLE_NS_ASSERTIONS = NO;
				ENABLE_STRICT_OBJC_MSGSEND = YES;
				GCC_C_LANGUAGE_STANDARD = gnu11;
				GCC_NO_COMMON_BLOCKS = YES;
				GCC_WARN_64_TO_32_BIT_CONVERSION = YES;
				GCC_WARN_ABOUT_RETURN_TYPE = YES_ERROR;
				GCC_WARN_UNDECLARED_SELECTOR = YES;
				GCC_WARN_UNINITIALIZED_AUTOS = YES_AGGRESSIVE;
				GCC_WARN_UNUSED_FUNCTION = YES;
				GCC_WARN_UNUSED_VARIABLE = YES;
				IPHONEOS_DEPLOYMENT_TARGET = 12.1;
				MTL_ENABLE_DEBUG_INFO = NO;
				MTL_FAST_MATH = YES;
				SDKROOT = iphoneos;
				SWIFT_COMPILATION_MODE = wholemodule;
				SWIFT_OPTIMIZATION_LEVEL = "-O";
				VALIDATE_PRODUCT = YES;
			};
			name = Release;
		};
		6C314E48223FF62700C3AA46 /* Debug */ = {
			isa = XCBuildConfiguration;
			baseConfigurationReference = 7AD59D602FD8E7CC01AE36C8 /* Pods-Mohsbaa.debug.xcconfig */;
			buildSettings = {
				ASSETCATALOG_COMPILER_APPICON_NAME = AppIcon;
				CODE_SIGN_STYLE = Automatic;
				INFOPLIST_FILE = Mohsbaa/Info.plist;
				LD_RUNPATH_SEARCH_PATHS = (
					"$(inherited)",
					"@executable_path/Frameworks",
				);
				PRODUCT_BUNDLE_IDENTIFIER = abuzeid.Mohsbaa;
				PRODUCT_NAME = "$(TARGET_NAME)";
				SWIFT_VERSION = 4.2;
				TARGETED_DEVICE_FAMILY = "1,2";
			};
			name = Debug;
		};
		6C314E49223FF62700C3AA46 /* Release */ = {
			isa = XCBuildConfiguration;
			baseConfigurationReference = 9ECD7A1C8BE2E53704179407 /* Pods-Mohsbaa.release.xcconfig */;
			buildSettings = {
				ASSETCATALOG_COMPILER_APPICON_NAME = AppIcon;
				CODE_SIGN_STYLE = Automatic;
				INFOPLIST_FILE = Mohsbaa/Info.plist;
				LD_RUNPATH_SEARCH_PATHS = (
					"$(inherited)",
					"@executable_path/Frameworks",
				);
				PRODUCT_BUNDLE_IDENTIFIER = abuzeid.Mohsbaa;
				PRODUCT_NAME = "$(TARGET_NAME)";
				SWIFT_VERSION = 4.2;
				TARGETED_DEVICE_FAMILY = "1,2";
			};
			name = Release;
		};
		6C314E4B223FF62700C3AA46 /* Debug */ = {
			isa = XCBuildConfiguration;
			baseConfigurationReference = 69A16D160449539E34D2DDF0 /* Pods-MohsbaaTests.debug.xcconfig */;
			buildSettings = {
				ALWAYS_EMBED_SWIFT_STANDARD_LIBRARIES = YES;
				BUNDLE_LOADER = "$(TEST_HOST)";
				CODE_SIGN_STYLE = Automatic;
				INFOPLIST_FILE = MohsbaaTests/Info.plist;
				LD_RUNPATH_SEARCH_PATHS = (
					"$(inherited)",
					"@executable_path/Frameworks",
					"@loader_path/Frameworks",
				);
				PRODUCT_BUNDLE_IDENTIFIER = abuzeid.MohsbaaTests;
				PRODUCT_NAME = "$(TARGET_NAME)";
				SWIFT_VERSION = 4.2;
				TARGETED_DEVICE_FAMILY = "1,2";
				TEST_HOST = "$(BUILT_PRODUCTS_DIR)/Mohsbaa.app/Mohsbaa";
			};
			name = Debug;
		};
		6C314E4C223FF62700C3AA46 /* Release */ = {
			isa = XCBuildConfiguration;
			baseConfigurationReference = DDE6ABFDCEABE49562F75314 /* Pods-MohsbaaTests.release.xcconfig */;
			buildSettings = {
				ALWAYS_EMBED_SWIFT_STANDARD_LIBRARIES = YES;
				BUNDLE_LOADER = "$(TEST_HOST)";
				CODE_SIGN_STYLE = Automatic;
				INFOPLIST_FILE = MohsbaaTests/Info.plist;
				LD_RUNPATH_SEARCH_PATHS = (
					"$(inherited)",
					"@executable_path/Frameworks",
					"@loader_path/Frameworks",
				);
				PRODUCT_BUNDLE_IDENTIFIER = abuzeid.MohsbaaTests;
				PRODUCT_NAME = "$(TARGET_NAME)";
				SWIFT_VERSION = 4.2;
				TARGETED_DEVICE_FAMILY = "1,2";
				TEST_HOST = "$(BUILT_PRODUCTS_DIR)/Mohsbaa.app/Mohsbaa";
			};
			name = Release;
		};
/* End XCBuildConfiguration section */

/* Begin XCConfigurationList section */
		6C314E22223FF62600C3AA46 /* Build configuration list for PBXProject "Mohsbaa" */ = {
			isa = XCConfigurationList;
			buildConfigurations = (
				6C314E45223FF62700C3AA46 /* Debug */,
				6C314E46223FF62700C3AA46 /* Release */,
			);
			defaultConfigurationIsVisible = 0;
			defaultConfigurationName = Release;
		};
		6C314E47223FF62700C3AA46 /* Build configuration list for PBXNativeTarget "Mohsbaa" */ = {
			isa = XCConfigurationList;
			buildConfigurations = (
				6C314E48223FF62700C3AA46 /* Debug */,
				6C314E49223FF62700C3AA46 /* Release */,
			);
			defaultConfigurationIsVisible = 0;
			defaultConfigurationName = Release;
		};
		6C314E4A223FF62700C3AA46 /* Build configuration list for PBXNativeTarget "MohsbaaTests" */ = {
			isa = XCConfigurationList;
			buildConfigurations = (
				6C314E4B223FF62700C3AA46 /* Debug */,
				6C314E4C223FF62700C3AA46 /* Release */,
			);
			defaultConfigurationIsVisible = 0;
			defaultConfigurationName = Release;
		};
/* End XCConfigurationList section */

/* Begin XCVersionGroup section */
		6C314E31223FF62600C3AA46 /* Mohsbaa.xcdatamodeld */ = {
			isa = XCVersionGroup;
			children = (
				6C314E32223FF62600C3AA46 /* Mohsbaa.xcdatamodel */,
			);
			currentVersion = 6C314E32223FF62600C3AA46 /* Mohsbaa.xcdatamodel */;
			path = Mohsbaa.xcdatamodeld;
			sourceTree = "<group>";
			versionGroupType = wrapper.xcdatamodel;
		};
/* End XCVersionGroup section */
	};
	rootObject = 6C314E1F223FF62600C3AA46 /* Project object */;
}
